
Microsoft Visual Studio Solution File, Format Version 12.00
# Visual Studio Version 17
VisualStudioVersion = 17.14.36310.24 d17.14
MinimumVisualStudioVersion = 10.0.40219.1
Project("{FAE04EC0-301F-11D3-BF4B-00C04F79EFBC}") = "AppointmentScheduler", "AppointmentScheduler\AppointmentScheduler.csproj", "{18F5B5F4-E8B6-4E63-8944-C9C1B99E5E86}"
EndProject
Global
	GlobalSection(SolutionConfigurationPlatforms) = preSolution
		Debug|Any CPU = Debug|Any CPU
		Release|Any CPU = Release|Any CPU
	EndGlobalSection
	GlobalSection(ProjectConfigurationPlatforms) = postSolution
		{18F5B5F4-E8B6-4E63-8944-C9C1B99E5E86}.Debug|Any CPU.ActiveCfg = Debug|Any CPU
		{18F5B5F4-E8B6-4E63-8944-C9C1B99E5E86}.Debug|Any CPU.Build.0 = Debug|Any CPU
		{18F5B5F4-E8B6-4E63-8944-C9C1B99E5E86}.Release|Any CPU.ActiveCfg = Release|Any CPU
		{18F5B5F4-E8B6-4E63-8944-C9C1B99E5E86}.Release|Any CPU.Build.0 = Release|Any CPU
	EndGlobalSection
	GlobalSection(SolutionProperties) = preSolution
		HideSolutionNode = FALSE
	EndGlobalSection
	GlobalSection(ExtensibilityGlobals) = postSolution
		SolutionGuid = {F53742E2-3B9A-40C2-835D-628AB6E81D70}
	EndGlobalSection
EndGlobal
